
Microsoft Visual Studio Solution File, Format Version 12.00
# Visual Studio Version 17
VisualStudioVersion = 17.8.34316.72
MinimumVisualStudioVersion = 10.0.40219.1
Project("{8BC9CEB8-8B4A-11D0-8D11-00A0C91BC942}") = "Pointers", "Pointers\Pointers.vcxproj", "{E8238BEF-593B-498F-A0D7-4A7F78590547}"
EndProject
Project("{8BC9CEB8-8B4A-11D0-8D11-00A0C91BC942}") = "TransferParameters", "TransferParameters\TransferParameters.vcxproj", "{F92F299E-FCC7-4A27-AE19-818FA6A0C861}"
EndProject
Project("{8BC9CEB8-8B4A-11D0-8D11-00A0C91BC942}") = "References", "References\References.vcxproj", "{E75D8415-9737-433E-8A4F-BC1FCB7F8603}"
EndProject
Project("{8BC9CEB8-8B4A-11D0-8D11-00A0C91BC942}") = "DynamicMemory", "DynamicMemory\DynamicMemory.vcxproj", "{18345F5E-D536-4C85-A3A7-DDF757F22CB0}"
EndProject
Project("{8BC9CEB8-8B4A-11D0-8D11-00A0C91BC942}") = "Split", "Split\Split.vcxproj", "{B9CB7307-0F41-4EF6-ACAC-EF2537F4E5FB}"
EndProject
Project("{8BC9CEB8-8B4A-11D0-8D11-00A0C91BC942}") = "Exam", "Exam\Exam.vcxproj", "{6FA508C2-19CD-4D8E-A0B1-5B772F54D536}"
EndProject
Global
	GlobalSection(SolutionConfigurationPlatforms) = preSolution
		Debug|ARM64 = Debug|ARM64
		Debug|x64 = Debug|x64
		Debug|x86 = Debug|x86
		Release|ARM64 = Release|ARM64
		Release|x64 = Release|x64
		Release|x86 = Release|x86
	EndGlobalSection
	GlobalSection(ProjectConfigurationPlatforms) = postSolution
		{E8238BEF-593B-498F-A0D7-4A7F78590547}.Debug|ARM64.ActiveCfg = Debug|ARM64
		{E8238BEF-593B-498F-A0D7-4A7F78590547}.Debug|ARM64.Build.0 = Debug|ARM64
		{E8238BEF-593B-498F-A0D7-4A7F78590547}.Debug|x64.ActiveCfg = Debug|x64
		{E8238BEF-593B-498F-A0D7-4A7F78590547}.Debug|x64.Build.0 = Debug|x64
		{E8238BEF-593B-498F-A0D7-4A7F78590547}.Debug|x86.ActiveCfg = Debug|Win32
		{E8238BEF-593B-498F-A0D7-4A7F78590547}.Debug|x86.Build.0 = Debug|Win32
		{E8238BEF-593B-498F-A0D7-4A7F78590547}.Release|ARM64.ActiveCfg = Release|ARM64
		{E8238BEF-593B-498F-A0D7-4A7F78590547}.Release|ARM64.Build.0 = Release|ARM64
		{E8238BEF-593B-498F-A0D7-4A7F78590547}.Release|x64.ActiveCfg = Release|x64
		{E8238BEF-593B-498F-A0D7-4A7F78590547}.Release|x64.Build.0 = Release|x64
		{E8238BEF-593B-498F-A0D7-4A7F78590547}.Release|x86.ActiveCfg = Release|Win32
		{E8238BEF-593B-498F-A0D7-4A7F78590547}.Release|x86.Build.0 = Release|Win32
		{F92F299E-FCC7-4A27-AE19-818FA6A0C861}.Debug|ARM64.ActiveCfg = Debug|ARM64
		{F92F299E-FCC7-4A27-AE19-818FA6A0C861}.Debug|ARM64.Build.0 = Debug|ARM64
		{F92F299E-FCC7-4A27-AE19-818FA6A0C861}.Debug|x64.ActiveCfg = Debug|x64
		{F92F299E-FCC7-4A27-AE19-818FA6A0C861}.Debug|x64.Build.0 = Debug|x64
		{F92F299E-FCC7-4A27-AE19-818FA6A0C861}.Debug|x86.ActiveCfg = Debug|Win32
		{F92F299E-FCC7-4A27-AE19-818FA6A0C861}.Debug|x86.Build.0 = Debug|Win32
		{F92F299E-FCC7-4A27-AE19-818FA6A0C861}.Release|ARM64.ActiveCfg = Release|ARM64
		{F92F299E-FCC7-4A27-AE19-818FA6A0C861}.Release|ARM64.Build.0 = Release|ARM64
		{F92F299E-FCC7-4A27-AE19-818FA6A0C861}.Release|x64.ActiveCfg = Release|x64
		{F92F299E-FCC7-4A27-AE19-818FA6A0C861}.Release|x64.Build.0 = Release|x64
		{F92F299E-FCC7-4A27-AE19-818FA6A0C861}.Release|x86.ActiveCfg = Release|Win32
		{F92F299E-FCC7-4A27-AE19-818FA6A0C861}.Release|x86.Build.0 = Release|Win32
		{E75D8415-9737-433E-8A4F-BC1FCB7F8603}.Debug|ARM64.ActiveCfg = Debug|ARM64
		{E75D8415-9737-433E-8A4F-BC1FCB7F8603}.Debug|ARM64.Build.0 = Debug|ARM64
		{E75D8415-9737-433E-8A4F-BC1FCB7F8603}.Debug|x64.ActiveCfg = Debug|x64
		{E75D8415-9737-433E-8A4F-BC1FCB7F8603}.Debug|x64.Build.0 = Debug|x64
		{E75D8415-9737-433E-8A4F-BC1FCB7F8603}.Debug|x86.ActiveCfg = Debug|Win32
		{E75D8415-9737-433E-8A4F-BC1FCB7F8603}.Debug|x86.Build.0 = Debug|Win32
		{E75D8415-9737-433E-8A4F-BC1FCB7F8603}.Release|ARM64.ActiveCfg = Release|ARM64
		{E75D8415-9737-433E-8A4F-BC1FCB7F8603}.Release|ARM64.Build.0 = Release|ARM64
		{E75D8415-9737-433E-8A4F-BC1FCB7F8603}.Release|x64.ActiveCfg = Release|x64
		{E75D8415-9737-433E-8A4F-BC1FCB7F8603}.Release|x64.Build.0 = Release|x64
		{E75D8415-9737-433E-8A4F-BC1FCB7F8603}.Release|x86.ActiveCfg = Release|Win32
		{E75D8415-9737-433E-8A4F-BC1FCB7F8603}.Release|x86.Build.0 = Release|Win32
		{18345F5E-D536-4C85-A3A7-DDF757F22CB0}.Debug|ARM64.ActiveCfg = Debug|ARM64
		{18345F5E-D536-4C85-A3A7-DDF757F22CB0}.Debug|ARM64.Build.0 = Debug|ARM64
		{18345F5E-D536-4C85-A3A7-DDF757F22CB0}.Debug|x64.ActiveCfg = Debug|x64
		{18345F5E-D536-4C85-A3A7-DDF757F22CB0}.Debug|x64.Build.0 = Debug|x64
		{18345F5E-D536-4C85-A3A7-DDF757F22CB0}.Debug|x86.ActiveCfg = Debug|Win32
		{18345F5E-D536-4C85-A3A7-DDF757F22CB0}.Debug|x86.Build.0 = Debug|Win32
		{18345F5E-D536-4C85-A3A7-DDF757F22CB0}.Release|ARM64.ActiveCfg = Release|ARM64
		{18345F5E-D536-4C85-A3A7-DDF757F22CB0}.Release|ARM64.Build.0 = Release|ARM64
		{18345F5E-D536-4C85-A3A7-DDF757F22CB0}.Release|x64.ActiveCfg = Release|x64
		{18345F5E-D536-4C85-A3A7-DDF757F22CB0}.Release|x64.Build.0 = Release|x64
		{18345F5E-D536-4C85-A3A7-DDF757F22CB0}.Release|x86.ActiveCfg = Release|Win32
		{18345F5E-D536-4C85-A3A7-DDF757F22CB0}.Release|x86.Build.0 = Release|Win32
		{B9CB7307-0F41-4EF6-ACAC-EF2537F4E5FB}.Debug|ARM64.ActiveCfg = Debug|ARM64
		{B9CB7307-0F41-4EF6-ACAC-EF2537F4E5FB}.Debug|ARM64.Build.0 = Debug|ARM64
		{B9CB7307-0F41-4EF6-ACAC-EF2537F4E5FB}.Debug|x64.ActiveCfg = Debug|x64
		{B9CB7307-0F41-4EF6-ACAC-EF2537F4E5FB}.Debug|x64.Build.0 = Debug|x64
		{B9CB7307-0F41-4EF6-ACAC-EF2537F4E5FB}.Debug|x86.ActiveCfg = Debug|Win32
		{B9CB7307-0F41-4EF6-ACAC-EF2537F4E5FB}.Debug|x86.Build.0 = Debug|Win32
		{B9CB7307-0F41-4EF6-ACAC-EF2537F4E5FB}.Release|ARM64.ActiveCfg = Release|ARM64
		{B9CB7307-0F41-4EF6-ACAC-EF2537F4E5FB}.Release|ARM64.Build.0 = Release|ARM64
		{B9CB7307-0F41-4EF6-ACAC-EF2537F4E5FB}.Release|x64.ActiveCfg = Release|x64
		{B9CB7307-0F41-4EF6-ACAC-EF2537F4E5FB}.Release|x64.Build.0 = Release|x64
		{B9CB7307-0F41-4EF6-ACAC-EF2537F4E5FB}.Release|x86.ActiveCfg = Release|Win32
		{B9CB7307-0F41-4EF6-ACAC-EF2537F4E5FB}.Release|x86.Build.0 = Release|Win32
		{6FA508C2-19CD-4D8E-A0B1-5B772F54D536}.Debug|ARM64.ActiveCfg = Debug|ARM64
		{6FA508C2-19CD-4D8E-A0B1-5B772F54D536}.Debug|ARM64.Build.0 = Debug|ARM64
		{6FA508C2-19CD-4D8E-A0B1-5B772F54D536}.Debug|x64.ActiveCfg = Debug|x64
		{6FA508C2-19CD-4D8E-A0B1-5B772F54D536}.Debug|x64.Build.0 = Debug|x64
		{6FA508C2-19CD-4D8E-A0B1-5B772F54D536}.Debug|x86.ActiveCfg = Debug|Win32
		{6FA508C2-19CD-4D8E-A0B1-5B772F54D536}.Debug|x86.Build.0 = Debug|Win32
		{6FA508C2-19CD-4D8E-A0B1-5B772F54D536}.Release|ARM64.ActiveCfg = Release|ARM64
		{6FA508C2-19CD-4D8E-A0B1-5B772F54D536}.Release|ARM64.Build.0 = Release|ARM64
		{6FA508C2-19CD-4D8E-A0B1-5B772F54D536}.Release|x64.ActiveCfg = Release|x64
		{6FA508C2-19CD-4D8E-A0B1-5B772F54D536}.Release|x64.Build.0 = Release|x64
		{6FA508C2-19CD-4D8E-A0B1-5B772F54D536}.Release|x86.ActiveCfg = Release|Win32
		{6FA508C2-19CD-4D8E-A0B1-5B772F54D536}.Release|x86.Build.0 = Release|Win32
	EndGlobalSection
	GlobalSection(SolutionProperties) = preSolution
		HideSolutionNode = FALSE
	EndGlobalSection
	GlobalSection(ExtensibilityGlobals) = postSolution
		SolutionGuid = {DD2FF85E-AEA4-44B5-8E28-39538D141D85}
	EndGlobalSection
EndGlobal
